// !$*UTF8*$!
{
	archiveVersion = 1;
	classes = {
	};
	objectVersion = 56;
	objects = {

/* Begin PBXBuildFile section */
		178A51CF2A46A2E9007E9229 /* AppDelegate.swift in Sources */ = {isa = PBXBuildFile; fileRef = 178A51CE2A46A2E9007E9229 /* AppDelegate.swift */; };
		178A51D12A46A2E9007E9229 /* SceneDelegate.swift in Sources */ = {isa = PBXBuildFile; fileRef = 178A51D02A46A2E9007E9229 /* SceneDelegate.swift */; };
		178A51D82A46A2EB007E9229 /* Assets.xcassets in Resources */ = {isa = PBXBuildFile; fileRef = 178A51D72A46A2EB007E9229 /* Assets.xcassets */; };
		178A51DB2A46A2EB007E9229 /* LaunchScreen.storyboard in Resources */ = {isa = PBXBuildFile; fileRef = 178A51D92A46A2EB007E9229 /* LaunchScreen.storyboard */; };
		178A51E32A46A426007E9229 /* RandomQuoteLoadViewController.swift in Sources */ = {isa = PBXBuildFile; fileRef = 178A51E22A46A426007E9229 /* RandomQuoteLoadViewController.swift */; };
		178A51E52A46A487007E9229 /* QuoteListViewController.swift in Sources */ = {isa = PBXBuildFile; fileRef = 178A51E42A46A487007E9229 /* QuoteListViewController.swift */; };
		178A51E72A46A4C9007E9229 /* CategoryListViewController.swift in Sources */ = {isa = PBXBuildFile; fileRef = 178A51E62A46A4C9007E9229 /* CategoryListViewController.swift */; };
		178A51E92A46A93A007E9229 /* NetworkManager.swift in Sources */ = {isa = PBXBuildFile; fileRef = 178A51E82A46A93A007E9229 /* NetworkManager.swift */; };
		178A51EC2A46BBF6007E9229 /* Realm in Frameworks */ = {isa = PBXBuildFile; productRef = 178A51EB2A46BBF6007E9229 /* Realm */; };
		178A51EE2A46BBF6007E9229 /* RealmSwift in Frameworks */ = {isa = PBXBuildFile; productRef = 178A51ED2A46BBF6007E9229 /* RealmSwift */; };
		178A51F02A46BC54007E9229 /* Model.swift in Sources */ = {isa = PBXBuildFile; fileRef = 178A51EF2A46BC54007E9229 /* Model.swift */; };
		178A51F22A472350007E9229 /* QuoteInCategoryViewController.swift in Sources */ = {isa = PBXBuildFile; fileRef = 178A51F12A472350007E9229 /* QuoteInCategoryViewController.swift */; };
/* End PBXBuildFile section */

/* Begin PBXFileReference section */
		178A51CB2A46A2E9007E9229 /* ChuckNorris.app */ = {isa = PBXFileReference; explicitFileType = wrapper.application; includeInIndex = 0; path = ChuckNorris.app; sourceTree = BUILT_PRODUCTS_DIR; };
		178A51CE2A46A2E9007E9229 /* AppDelegate.swift */ = {isa = PBXFileReference; lastKnownFileType = sourcecode.swift; path = AppDelegate.swift; sourceTree = "<group>"; };
		178A51D02A46A2E9007E9229 /* SceneDelegate.swift */ = {isa = PBXFileReference; lastKnownFileType = sourcecode.swift; path = SceneDelegate.swift; sourceTree = "<group>"; };
		178A51D72A46A2EB007E9229 /* Assets.xcassets */ = {isa = PBXFileReference; lastKnownFileType = folder.assetcatalog; path = Assets.xcassets; sourceTree = "<group>"; };
		178A51DA2A46A2EB007E9229 /* Base */ = {isa = PBXFileReference; lastKnownFileType = file.storyboard; name = Base; path = Base.lproj/LaunchScreen.storyboard; sourceTree = "<group>"; };
		178A51DC2A46A2EB007E9229 /* Info.plist */ = {isa = PBXFileReference; lastKnownFileType = text.plist.xml; path = Info.plist; sourceTree = "<group>"; };
		178A51E22A46A426007E9229 /* RandomQuoteLoadViewController.swift */ = {isa = PBXFileReference; lastKnownFileType = sourcecode.swift; path = RandomQuoteLoadViewController.swift; sourceTree = "<group>"; };
		178A51E42A46A487007E9229 /* QuoteListViewController.swift */ = {isa = PBXFileReference; lastKnownFileType = sourcecode.swift; path = QuoteListViewController.swift; sourceTree = "<group>"; };
		178A51E62A46A4C9007E9229 /* CategoryListViewController.swift */ = {isa = PBXFileReference; lastKnownFileType = sourcecode.swift; path = CategoryListViewController.swift; sourceTree = "<group>"; };
		178A51E82A46A93A007E9229 /* NetworkManager.swift */ = {isa = PBXFileReference; lastKnownFileType = sourcecode.swift; path = NetworkManager.swift; sourceTree = "<group>"; };
		178A51EF2A46BC54007E9229 /* Model.swift */ = {isa = PBXFileReference; lastKnownFileType = sourcecode.swift; path = Model.swift; sourceTree = "<group>"; };
		178A51F12A472350007E9229 /* QuoteInCategoryViewController.swift */ = {isa = PBXFileReference; lastKnownFileType = sourcecode.swift; path = QuoteInCategoryViewController.swift; sourceTree = "<group>"; };
/* End PBXFileReference section */

/* Begin PBXFrameworksBuildPhase section */
		178A51C82A46A2E9007E9229 /* Frameworks */ = {
			isa = PBXFrameworksBuildPhase;
			buildActionMask = 2147483647;
			files = (
				178A51EE2A46BBF6007E9229 /* RealmSwift in Frameworks */,
				178A51EC2A46BBF6007E9229 /* Realm in Frameworks */,
			);
			runOnlyForDeploymentPostprocessing = 0;
		};
/* End PBXFrameworksBuildPhase section */

/* Begin PBXGroup section */
		178A51C22A46A2E9007E9229 = {
			isa = PBXGroup;
			children = (
				178A51CD2A46A2E9007E9229 /* ChuckNorris */,
				178A51CC2A46A2E9007E9229 /* Products */,
			);
			sourceTree = "<group>";
		};
		178A51CC2A46A2E9007E9229 /* Products */ = {
			isa = PBXGroup;
			children = (
				178A51CB2A46A2E9007E9229 /* ChuckNorris.app */,
			);
			name = Products;
			sourceTree = "<group>";
		};
		178A51CD2A46A2E9007E9229 /* ChuckNorris */ = {
			isa = PBXGroup;
			children = (
				178A51CE2A46A2E9007E9229 /* AppDelegate.swift */,
				178A51D02A46A2E9007E9229 /* SceneDelegate.swift */,
				178A51E82A46A93A007E9229 /* NetworkManager.swift */,
				178A51EF2A46BC54007E9229 /* Model.swift */,
				178A51E22A46A426007E9229 /* RandomQuoteLoadViewController.swift */,
				178A51E42A46A487007E9229 /* QuoteListViewController.swift */,
				178A51E62A46A4C9007E9229 /* CategoryListViewController.swift */,
				178A51F12A472350007E9229 /* QuoteInCategoryViewController.swift */,
				178A51D72A46A2EB007E9229 /* Assets.xcassets */,
				178A51D92A46A2EB007E9229 /* LaunchScreen.storyboard */,
				178A51DC2A46A2EB007E9229 /* Info.plist */,
			);
			path = ChuckNorris;
			sourceTree = "<group>";
		};
/* End PBXGroup section */

/* Begin PBXNativeTarget section */
		178A51CA2A46A2E9007E9229 /* ChuckNorris */ = {
			isa = PBXNativeTarget;
			buildConfigurationList = 178A51DF2A46A2EB007E9229 /* Build configuration list for PBXNativeTarget "ChuckNorris" */;
			buildPhases = (
				178A51C72A46A2E9007E9229 /* Sources */,
				178A51C82A46A2E9007E9229 /* Frameworks */,
				178A51C92A46A2E9007E9229 /* Resources */,
			);
			buildRules = (
			);
			dependencies = (
			);
			name = ChuckNorris;
			packageProductDependencies = (
				178A51EB2A46BBF6007E9229 /* Realm */,
				178A51ED2A46BBF6007E9229 /* RealmSwift */,
			);
			productName = ChuckNorris;
			productReference = 178A51CB2A46A2E9007E9229 /* ChuckNorris.app */;
			productType = "com.apple.product-type.application";
		};
/* End PBXNativeTarget section */

/* Begin PBXProject section */
		178A51C32A46A2E9007E9229 /* Project object */ = {
			isa = PBXProject;
			attributes = {
				BuildIndependentTargetsInParallel = 1;
				LastSwiftUpdateCheck = 1400;
				LastUpgradeCheck = 1400;
				TargetAttributes = {
					178A51CA2A46A2E9007E9229 = {
						CreatedOnToolsVersion = 14.0.1;
					};
				};
			};
			buildConfigurationList = 178A51C62A46A2E9007E9229 /* Build configuration list for PBXProject "ChuckNorris" */;
			compatibilityVersion = "Xcode 14.0";
			developmentRegion = en;
			hasScannedForEncodings = 0;
			knownRegions = (
				en,
				Base,
			);
			mainGroup = 178A51C22A46A2E9007E9229;
			packageReferences = (
				178A51EA2A46BBF5007E9229 /* XCRemoteSwiftPackageReference "realm-swift" */,
			);
			productRefGroup = 178A51CC2A46A2E9007E9229 /* Products */;
			projectDirPath = "";
			projectRoot = "";
			targets = (
				178A51CA2A46A2E9007E9229 /* ChuckNorris */,
			);
		};
/* End PBXProject section */

/* Begin PBXResourcesBuildPhase section */
		178A51C92A46A2E9007E9229 /* Resources */ = {
			isa = PBXResourcesBuildPhase;
			buildActionMask = 2147483647;
			files = (
				178A51DB2A46A2EB007E9229 /* LaunchScreen.storyboard in Resources */,
				178A51D82A46A2EB007E9229 /* Assets.xcassets in Resources */,
			);
			runOnlyForDeploymentPostprocessing = 0;
		};
/* End PBXResourcesBuildPhase section */

/* Begin PBXSourcesBuildPhase section */
		178A51C72A46A2E9007E9229 /* Sources */ = {
			isa = PBXSourcesBuildPhase;
			buildActionMask = 2147483647;
			files = (
				178A51F22A472350007E9229 /* QuoteInCategoryViewController.swift in Sources */,
				178A51E32A46A426007E9229 /* RandomQuoteLoadViewController.swift in Sources */,
				178A51F02A46BC54007E9229 /* Model.swift in Sources */,
				178A51E72A46A4C9007E9229 /* CategoryListViewController.swift in Sources */,
				178A51E92A46A93A007E9229 /* NetworkManager.swift in Sources */,
				178A51E52A46A487007E9229 /* QuoteListViewController.swift in Sources */,
				178A51CF2A46A2E9007E9229 /* AppDelegate.swift in Sources */,
				178A51D12A46A2E9007E9229 /* SceneDelegate.swift in Sources */,
			);
			runOnlyForDeploymentPostprocessing = 0;
		};
/* End PBXSourcesBuildPhase section */

/* Begin PBXVariantGroup section */
		178A51D92A46A2EB007E9229 /* LaunchScreen.storyboard */ = {
			isa = PBXVariantGroup;
			children = (
				178A51DA2A46A2EB007E9229 /* Base */,
			);
			name = LaunchScreen.storyboard;
			sourceTree = "<group>";
		};
/* End PBXVariantGroup section */

/* Begin XCBuildConfiguration section */
		178A51DD2A46A2EB007E9229 /* Debug */ = {
			isa = XCBuildConfiguration;
			buildSettings = {
				ALWAYS_SEARCH_USER_PATHS = NO;
				CLANG_ANALYZER_NONNULL = YES;
				CLANG_ANALYZER_NUMBER_OBJECT_CONVERSION = YES_AGGRESSIVE;
				CLANG_CXX_LANGUAGE_STANDARD = "gnu++20";
				CLANG_ENABLE_MODULES = YES;
				CLANG_ENABLE_OBJC_ARC = YES;
				CLANG_ENABLE_OBJC_WEAK = YES;
				CLANG_WARN_BLOCK_CAPTURE_AUTORELEASING = YES;
				CLANG_WARN_BOOL_CONVERSION = YES;
				CLANG_WARN_COMMA = YES;
				CLANG_WARN_CONSTANT_CONVERSION = YES;
				CLANG_WARN_DEPRECATED_OBJC_IMPLEMENTATIONS = YES;
				CLANG_WARN_DIRECT_OBJC_ISA_USAGE = YES_ERROR;
				CLANG_WARN_DOCUMENTATION_COMMENTS = YES;
				CLANG_WARN_EMPTY_BODY = YES;
				CLANG_WARN_ENUM_CONVERSION = YES;
				CLANG_WARN_INFINITE_RECURSION = YES;
				CLANG_WARN_INT_CONVERSION = YES;
				CLANG_WARN_NON_LITERAL_NULL_CONVERSION = YES;
				CLANG_WARN_OBJC_IMPLICIT_RETAIN_SELF = YES;
				CLANG_WARN_OBJC_LITERAL_CONVERSION = YES;
				CLANG_WARN_OBJC_ROOT_CLASS = YES_ERROR;
				CLANG_WARN_QUOTED_INCLUDE_IN_FRAMEWORK_HEADER = YES;
				CLANG_WARN_RANGE_LOOP_ANALYSIS = YES;
				CLANG_WARN_STRICT_PROTOTYPES = YES;
				CLANG_WARN_SUSPICIOUS_MOVE = YES;
				CLANG_WARN_UNGUARDED_AVAILABILITY = YES_AGGRESSIVE;
				CLANG_WARN_UNREACHABLE_CODE = YES;
				CLANG_WARN__DUPLICATE_METHOD_MATCH = YES;
				COPY_PHASE_STRIP = NO;
				DEBUG_INFORMATION_FORMAT = dwarf;
				ENABLE_STRICT_OBJC_MSGSEND = YES;
				ENABLE_TESTABILITY = YES;
				GCC_C_LANGUAGE_STANDARD = gnu11;
				GCC_DYNAMIC_NO_PIC = NO;
				GCC_NO_COMMON_BLOCKS = YES;
				GCC_OPTIMIZATION_LEVEL = 0;
				GCC_PREPROCESSOR_DEFINITIONS = (
					"DEBUG=1",
					"$(inherited)",
				);
				GCC_WARN_64_TO_32_BIT_CONVERSION = YES;
				GCC_WARN_ABOUT_RETURN_TYPE = YES_ERROR;
				GCC_WARN_UNDECLARED_SELECTOR = YES;
				GCC_WARN_UNINITIALIZED_AUTOS = YES_AGGRESSIVE;
				GCC_WARN_UNUSED_FUNCTION = YES;
				GCC_WARN_UNUSED_VARIABLE = YES;
				IPHONEOS_DEPLOYMENT_TARGET = 16.0;
				MTL_ENABLE_DEBUG_INFO = INCLUDE_SOURCE;
				MTL_FAST_MATH = YES;
				ONLY_ACTIVE_ARCH = YES;
				SDKROOT = iphoneos;
				SWIFT_ACTIVE_COMPILATION_CONDITIONS = DEBUG;
				SWIFT_OPTIMIZATION_LEVEL = "-Onone";
			};
			name = Debug;
		};
		178A51DE2A46A2EB007E9229 /* Release */ = {
			isa = XCBuildConfiguration;
			buildSettings = {
				ALWAYS_SEARCH_USER_PATHS = NO;
				CLANG_ANALYZER_NONNULL = YES;
				CLANG_ANALYZER_NUMBER_OBJECT_CONVERSION = YES_AGGRESSIVE;
				CLANG_CXX_LANGUAGE_STANDARD = "gnu++20";
				CLANG_ENABLE_MODULES = YES;
				CLANG_ENABLE_OBJC_ARC = YES;
				CLANG_ENABLE_OBJC_WEAK = YES;
				CLANG_WARN_BLOCK_CAPTURE_AUTORELEASING = YES;
				CLANG_WARN_BOOL_CONVERSION = YES;
				CLANG_WARN_COMMA = YES;
				CLANG_WARN_CONSTANT_CONVERSION = YES;
				CLANG_WARN_DEPRECATED_OBJC_IMPLEMENTATIONS = YES;
				CLANG_WARN_DIRECT_OBJC_ISA_USAGE = YES_ERROR;
				CLANG_WARN_DOCUMENTATION_COMMENTS = YES;
				CLANG_WARN_EMPTY_BODY = YES;
				CLANG_WARN_ENUM_CONVERSION = YES;
				CLANG_WARN_INFINITE_RECURSION = YES;
				CLANG_WARN_INT_CONVERSION = YES;
				CLANG_WARN_NON_LITERAL_NULL_CONVERSION = YES;
				CLANG_WARN_OBJC_IMPLICIT_RETAIN_SELF = YES;
				CLANG_WARN_OBJC_LITERAL_CONVERSION = YES;
				CLANG_WARN_OBJC_ROOT_CLASS = YES_ERROR;
				CLANG_WARN_QUOTED_INCLUDE_IN_FRAMEWORK_HEADER = YES;
				CLANG_WARN_RANGE_LOOP_ANALYSIS = YES;
				CLANG_WARN_STRICT_PROTOTYPES = YES;
				CLANG_WARN_SUSPICIOUS_MOVE = YES;
				CLANG_WARN_UNGUARDED_AVAILABILITY = YES_AGGRESSIVE;
				CLANG_WARN_UNREACHABLE_CODE = YES;
				CLANG_WARN__DUPLICATE_METHOD_MATCH = YES;
				COPY_PHASE_STRIP = NO;
				DEBUG_INFORMATION_FORMAT = "dwarf-with-dsym";
				ENABLE_NS_ASSERTIONS = NO;
				ENABLE_STRICT_OBJC_MSGSEND = YES;
				GCC_C_LANGUAGE_STANDARD = gnu11;
				GCC_NO_COMMON_BLOCKS = YES;
				GCC_WARN_64_TO_32_BIT_CONVERSION = YES;
				GCC_WARN_ABOUT_RETURN_TYPE = YES_ERROR;
				GCC_WARN_UNDECLARED_SELECTOR = YES;
				GCC_WARN_UNINITIALIZED_AUTOS = YES_AGGRESSIVE;
				GCC_WARN_UNUSED_FUNCTION = YES;
				GCC_WARN_UNUSED_VARIABLE = YES;
				IPHONEOS_DEPLOYMENT_TARGET = 16.0;
				MTL_ENABLE_DEBUG_INFO = NO;
				MTL_FAST_MATH = YES;
				SDKROOT = iphoneos;
				SWIFT_COMPILATION_MODE = wholemodule;
				SWIFT_OPTIMIZATION_LEVEL = "-O";
				VALIDATE_PRODUCT = YES;
			};
			name = Release;
		};
		178A51E02A46A2EB007E9229 /* Debug */ = {
			isa = XCBuildConfiguration;
			buildSettings = {
				ASSETCATALOG_COMPILER_APPICON_NAME = AppIcon;
				ASSETCATALOG_COMPILER_GLOBAL_ACCENT_COLOR_NAME = AccentColor;
				CODE_SIGN_STYLE = Automatic;
				CURRENT_PROJECT_VERSION = 1;
				GENERATE_INFOPLIST_FILE = YES;
				INFOPLIST_FILE = ChuckNorris/Info.plist;
				INFOPLIST_KEY_UIApplicationSupportsIndirectInputEvents = YES;
				INFOPLIST_KEY_UILaunchStoryboardName = LaunchScreen;
				INFOPLIST_KEY_UISupportedInterfaceOrientations_iPad = "UIInterfaceOrientationPortrait UIInterfaceOrientationPortraitUpsideDown UIInterfaceOrientationLandscapeLeft UIInterfaceOrientationLandscapeRight";
				INFOPLIST_KEY_UISupportedInterfaceOrientations_iPhone = "UIInterfaceOrientationPortrait UIInterfaceOrientationLandscapeLeft UIInterfaceOrientationLandscapeRight";
				LD_RUNPATH_SEARCH_PATHS = (
					"$(inherited)",
					"@executable_path/Frameworks",
				);
				MARKETING_VERSION = 1.0;
				PRODUCT_BUNDLE_IDENTIFIER = Netology.ChuckNorris;
				PRODUCT_NAME = "$(TARGET_NAME)";
				SWIFT_EMIT_LOC_STRINGS = YES;
				SWIFT_VERSION = 5.0;
				TARGETED_DEVICE_FAMILY = "1,2";
			};
			name = Debug;
		};
		178A51E12A46A2EB007E9229 /* Release */ = {
			isa = XCBuildConfiguration;
			buildSettings = {
				ASSETCATALOG_COMPILER_APPICON_NAME = AppIcon;
				ASSETCATALOG_COMPILER_GLOBAL_ACCENT_COLOR_NAME = AccentColor;
				CODE_SIGN_STYLE = Automatic;
				CURRENT_PROJECT_VERSION = 1;
				GENERATE_INFOPLIST_FILE = YES;
				INFOPLIST_FILE = ChuckNorris/Info.plist;
				INFOPLIST_KEY_UIApplicationSupportsIndirectInputEvents = YES;
				INFOPLIST_KEY_UILaunchStoryboardName = LaunchScreen;
				INFOPLIST_KEY_UISupportedInterfaceOrientations_iPad = "UIInterfaceOrientationPortrait UIInterfaceOrientationPortraitUpsideDown UIInterfaceOrientationLandscapeLeft UIInterfaceOrientationLandscapeRight";
				INFOPLIST_KEY_UISupportedInterfaceOrientations_iPhone = "UIInterfaceOrientationPortrait UIInterfaceOrientationLandscapeLeft UIInterfaceOrientationLandscapeRight";
				LD_RUNPATH_SEARCH_PATHS = (
					"$(inherited)",
					"@executable_path/Frameworks",
				);
				MARKETING_VERSION = 1.0;
				PRODUCT_BUNDLE_IDENTIFIER = Netology.ChuckNorris;
				PRODUCT_NAME = "$(TARGET_NAME)";
				SWIFT_EMIT_LOC_STRINGS = YES;
				SWIFT_VERSION = 5.0;
				TARGETED_DEVICE_FAMILY = "1,2";
			};
			name = Release;
		};
/* End XCBuildConfiguration section */

/* Begin XCConfigurationList section */
		178A51C62A46A2E9007E9229 /* Build configuration list for PBXProject "ChuckNorris" */ = {
			isa = XCConfigurationList;
			buildConfigurations = (
				178A51DD2A46A2EB007E9229 /* Debug */,
				178A51DE2A46A2EB007E9229 /* Release */,
			);
			defaultConfigurationIsVisible = 0;
			defaultConfigurationName = Release;
		};
		178A51DF2A46A2EB007E9229 /* Build configuration list for PBXNativeTarget "ChuckNorris" */ = {
			isa = XCConfigurationList;
			buildConfigurations = (
				178A51E02A46A2EB007E9229 /* Debug */,
				178A51E12A46A2EB007E9229 /* Release */,
			);
			defaultConfigurationIsVisible = 0;
			defaultConfigurationName = Release;
		};
/* End XCConfigurationList section */

/* Begin XCRemoteSwiftPackageReference section */
		178A51EA2A46BBF5007E9229 /* XCRemoteSwiftPackageReference "realm-swift" */ = {
			isa = XCRemoteSwiftPackageReference;
			repositoryURL = "https://github.com/realm/realm-swift";
			requirement = {
				kind = upToNextMajorVersion;
				minimumVersion = 10.40.2;
			};
		};
/* End XCRemoteSwiftPackageReference section */

/* Begin XCSwiftPackageProductDependency section */
		178A51EB2A46BBF6007E9229 /* Realm */ = {
			isa = XCSwiftPackageProductDependency;
			package = 178A51EA2A46BBF5007E9229 /* XCRemoteSwiftPackageReference "realm-swift" */;
			productName = Realm;
		};
		178A51ED2A46BBF6007E9229 /* RealmSwift */ = {
			isa = XCSwiftPackageProductDependency;
			package = 178A51EA2A46BBF5007E9229 /* XCRemoteSwiftPackageReference "realm-swift" */;
			productName = RealmSwift;
		};
/* End XCSwiftPackageProductDependency section */
	};
	rootObject = 178A51C32A46A2E9007E9229 /* Project object */;
}
